// !$*UTF8*$!
{
	archiveVersion = 1;
	classes = {
	};
	objectVersion = 46;
	objects = {

/* Begin PBXBuildFile section */
		0A3D72031944671C0035A99A /* 7.swift in Sources */ = {isa = PBXBuildFile; fileRef = 0A3D72021944671C0035A99A /* 7.swift */; };
		0A479E031A0F300D007029A4 /* 19.swift in Sources */ = {isa = PBXBuildFile; fileRef = 0A479E021A0F300D007029A4 /* 19.swift */; };
		0A479E051A0F33A1007029A4 /* 20.swift in Sources */ = {isa = PBXBuildFile; fileRef = 0A479E041A0F33A1007029A4 /* 20.swift */; };
		0A479E071A0F346A007029A4 /* 21.swift in Sources */ = {isa = PBXBuildFile; fileRef = 0A479E061A0F346A007029A4 /* 21.swift */; };
		0A479E0A1A0F36A8007029A4 /* 22.swift in Sources */ = {isa = PBXBuildFile; fileRef = 0A479E091A0F36A8007029A4 /* 22.swift */; };
		0A479E0B1A0F377F007029A4 /* names.txt in CopyFiles */ = {isa = PBXBuildFile; fileRef = 0A479E081A0F368D007029A4 /* names.txt */; };
		0A69534B1944399E006C9B94 /* 4.swift in Sources */ = {isa = PBXBuildFile; fileRef = 0A69534A1944399E006C9B94 /* 4.swift */; };
		0A80EA4F194462990034FAA7 /* 5.swift in Sources */ = {isa = PBXBuildFile; fileRef = 0A80EA4E194462990034FAA7 /* 5.swift */; };
		0A80EA51194465550034FAA7 /* 6.swift in Sources */ = {isa = PBXBuildFile; fileRef = 0A80EA50194465550034FAA7 /* 6.swift */; };
		0A884C251A0EC0FB00E37579 /* 10.swift in Sources */ = {isa = PBXBuildFile; fileRef = 0A884C241A0EC0FB00E37579 /* 10.swift */; };
		0A884C271A0EC95B00E37579 /* 11.swift in Sources */ = {isa = PBXBuildFile; fileRef = 0A884C261A0EC95B00E37579 /* 11.swift */; };
		0A8B23231A0EDB3600A73D0A /* 12.swift in Sources */ = {isa = PBXBuildFile; fileRef = 0A8B23221A0EDB3600A73D0A /* 12.swift */; };
		0A8B23251A0EE56000A73D0A /* 13.swift in Sources */ = {isa = PBXBuildFile; fileRef = 0A8B23241A0EE56000A73D0A /* 13.swift */; };
		0A8B23271A0EE9CC00A73D0A /* 14.swift in Sources */ = {isa = PBXBuildFile; fileRef = 0A8B23261A0EE9CC00A73D0A /* 14.swift */; };
		0A8B23291A0EF65C00A73D0A /* 15.swift in Sources */ = {isa = PBXBuildFile; fileRef = 0A8B23281A0EF65C00A73D0A /* 15.swift */; };
		0A8B232B1A0F129500A73D0A /* PrimeSieve.swift in Sources */ = {isa = PBXBuildFile; fileRef = 0A8B232A1A0F129500A73D0A /* PrimeSieve.swift */; };
		0AC3E9E31A0F1716006B8E48 /* 16.swift in Sources */ = {isa = PBXBuildFile; fileRef = 0AC3E9E21A0F1716006B8E48 /* 16.swift */; };
		0AC3E9E51A0F1F0B006B8E48 /* BigDecimal.swift in Sources */ = {isa = PBXBuildFile; fileRef = 0AC3E9E41A0F1F0B006B8E48 /* BigDecimal.swift */; };
		0AC3E9E71A0F1FCA006B8E48 /* 17.swift in Sources */ = {isa = PBXBuildFile; fileRef = 0AC3E9E61A0F1FCA006B8E48 /* 17.swift */; };
		0AC3E9E91A0F2A1F006B8E48 /* 18.swift in Sources */ = {isa = PBXBuildFile; fileRef = 0AC3E9E81A0F2A1F006B8E48 /* 18.swift */; };
		0AC7D5131A104A2400A36D19 /* 25.swift in Sources */ = {isa = PBXBuildFile; fileRef = 0AC7D5121A104A2400A36D19 /* 25.swift */; };
		0AD376731A0FE08200E5ECC0 /* 23.swift in Sources */ = {isa = PBXBuildFile; fileRef = 0AD376721A0FE08200E5ECC0 /* 23.swift */; };
		0AD376751A0FEBF200E5ECC0 /* 24.swift in Sources */ = {isa = PBXBuildFile; fileRef = 0AD376741A0FEBF200E5ECC0 /* 24.swift */; };
		0ADAF2B11A0EB2D500B06718 /* 9.swift in Sources */ = {isa = PBXBuildFile; fileRef = 0ADAF2B01A0EB2D500B06718 /* 9.swift */; };
		0AEB204E1944724200237031 /* 8.swift in Sources */ = {isa = PBXBuildFile; fileRef = 0AEB204D1944724200237031 /* 8.swift */; };
		0AF8B92119441FBD00FFAC89 /* main.swift in Sources */ = {isa = PBXBuildFile; fileRef = 0AF8B92019441FBD00FFAC89 /* main.swift */; };
		0AF8B92819441FD400FFAC89 /* 1.swift in Sources */ = {isa = PBXBuildFile; fileRef = 0AF8B92719441FD400FFAC89 /* 1.swift */; };
		0AF8B92A194424D500FFAC89 /* 2.swift in Sources */ = {isa = PBXBuildFile; fileRef = 0AF8B929194424D500FFAC89 /* 2.swift */; };
		0AF8B92C19442E5F00FFAC89 /* 3.swift in Sources */ = {isa = PBXBuildFile; fileRef = 0AF8B92B19442E5F00FFAC89 /* 3.swift */; };
/* End PBXBuildFile section */

/* Begin PBXCopyFilesBuildPhase section */
		0AF8B91B19441FBD00FFAC89 /* CopyFiles */ = {
			isa = PBXCopyFilesBuildPhase;
			buildActionMask = 12;
			dstPath = "";
			dstSubfolderSpec = 16;
			files = (
				0A479E0B1A0F377F007029A4 /* names.txt in CopyFiles */,
			);
			runOnlyForDeploymentPostprocessing = 0;
		};
/* End PBXCopyFilesBuildPhase section */

/* Begin PBXFileReference section */
		0A3D72021944671C0035A99A /* 7.swift */ = {isa = PBXFileReference; fileEncoding = 4; lastKnownFileType = sourcecode.swift; path = 7.swift; sourceTree = "<group>"; };
		0A479E021A0F300D007029A4 /* 19.swift */ = {isa = PBXFileReference; fileEncoding = 4; lastKnownFileType = sourcecode.swift; path = 19.swift; sourceTree = "<group>"; };
		0A479E041A0F33A1007029A4 /* 20.swift */ = {isa = PBXFileReference; fileEncoding = 4; lastKnownFileType = sourcecode.swift; path = 20.swift; sourceTree = "<group>"; };
		0A479E061A0F346A007029A4 /* 21.swift */ = {isa = PBXFileReference; fileEncoding = 4; lastKnownFileType = sourcecode.swift; path = 21.swift; sourceTree = "<group>"; };
		0A479E081A0F368D007029A4 /* names.txt */ = {isa = PBXFileReference; fileEncoding = 4; lastKnownFileType = text; path = names.txt; sourceTree = "<group>"; };
		0A479E091A0F36A8007029A4 /* 22.swift */ = {isa = PBXFileReference; fileEncoding = 4; lastKnownFileType = sourcecode.swift; path = 22.swift; sourceTree = "<group>"; };
		0A69534A1944399E006C9B94 /* 4.swift */ = {isa = PBXFileReference; fileEncoding = 4; lastKnownFileType = sourcecode.swift; path = 4.swift; sourceTree = "<group>"; };
		0A80EA4E194462990034FAA7 /* 5.swift */ = {isa = PBXFileReference; fileEncoding = 4; lastKnownFileType = sourcecode.swift; path = 5.swift; sourceTree = "<group>"; };
		0A80EA50194465550034FAA7 /* 6.swift */ = {isa = PBXFileReference; fileEncoding = 4; lastKnownFileType = sourcecode.swift; path = 6.swift; sourceTree = "<group>"; };
		0A884C241A0EC0FB00E37579 /* 10.swift */ = {isa = PBXFileReference; fileEncoding = 4; lastKnownFileType = sourcecode.swift; path = 10.swift; sourceTree = "<group>"; };
		0A884C261A0EC95B00E37579 /* 11.swift */ = {isa = PBXFileReference; fileEncoding = 4; lastKnownFileType = sourcecode.swift; path = 11.swift; sourceTree = "<group>"; };
		0A8B23221A0EDB3600A73D0A /* 12.swift */ = {isa = PBXFileReference; fileEncoding = 4; lastKnownFileType = sourcecode.swift; path = 12.swift; sourceTree = "<group>"; };
		0A8B23241A0EE56000A73D0A /* 13.swift */ = {isa = PBXFileReference; fileEncoding = 4; lastKnownFileType = sourcecode.swift; path = 13.swift; sourceTree = "<group>"; };
		0A8B23261A0EE9CC00A73D0A /* 14.swift */ = {isa = PBXFileReference; fileEncoding = 4; lastKnownFileType = sourcecode.swift; path = 14.swift; sourceTree = "<group>"; };
		0A8B23281A0EF65C00A73D0A /* 15.swift */ = {isa = PBXFileReference; fileEncoding = 4; lastKnownFileType = sourcecode.swift; path = 15.swift; sourceTree = "<group>"; };
		0A8B232A1A0F129500A73D0A /* PrimeSieve.swift */ = {isa = PBXFileReference; fileEncoding = 4; lastKnownFileType = sourcecode.swift; path = PrimeSieve.swift; sourceTree = "<group>"; };
		0AC3E9E21A0F1716006B8E48 /* 16.swift */ = {isa = PBXFileReference; fileEncoding = 4; lastKnownFileType = sourcecode.swift; path = 16.swift; sourceTree = "<group>"; };
		0AC3E9E41A0F1F0B006B8E48 /* BigDecimal.swift */ = {isa = PBXFileReference; fileEncoding = 4; lastKnownFileType = sourcecode.swift; path = BigDecimal.swift; sourceTree = "<group>"; };
		0AC3E9E61A0F1FCA006B8E48 /* 17.swift */ = {isa = PBXFileReference; fileEncoding = 4; lastKnownFileType = sourcecode.swift; path = 17.swift; sourceTree = "<group>"; };
		0AC3E9E81A0F2A1F006B8E48 /* 18.swift */ = {isa = PBXFileReference; fileEncoding = 4; lastKnownFileType = sourcecode.swift; path = 18.swift; sourceTree = "<group>"; };
		0AC7D5121A104A2400A36D19 /* 25.swift */ = {isa = PBXFileReference; fileEncoding = 4; lastKnownFileType = sourcecode.swift; path = 25.swift; sourceTree = "<group>"; };
		0AD376721A0FE08200E5ECC0 /* 23.swift */ = {isa = PBXFileReference; fileEncoding = 4; lastKnownFileType = sourcecode.swift; path = 23.swift; sourceTree = "<group>"; };
		0AD376741A0FEBF200E5ECC0 /* 24.swift */ = {isa = PBXFileReference; fileEncoding = 4; lastKnownFileType = sourcecode.swift; path = 24.swift; sourceTree = "<group>"; };
		0ADAF2B01A0EB2D500B06718 /* 9.swift */ = {isa = PBXFileReference; fileEncoding = 4; lastKnownFileType = sourcecode.swift; path = 9.swift; sourceTree = "<group>"; };
		0AEB204D1944724200237031 /* 8.swift */ = {isa = PBXFileReference; fileEncoding = 4; lastKnownFileType = sourcecode.swift; path = 8.swift; sourceTree = "<group>"; };
		0AF8B91D19441FBD00FFAC89 /* ProjectEuler */ = {isa = PBXFileReference; explicitFileType = "compiled.mach-o.executable"; includeInIndex = 0; path = ProjectEuler; sourceTree = BUILT_PRODUCTS_DIR; };
		0AF8B92019441FBD00FFAC89 /* main.swift */ = {isa = PBXFileReference; lastKnownFileType = sourcecode.swift; path = main.swift; sourceTree = "<group>"; };
		0AF8B92719441FD400FFAC89 /* 1.swift */ = {isa = PBXFileReference; fileEncoding = 4; lastKnownFileType = sourcecode.swift; path = 1.swift; sourceTree = "<group>"; };
		0AF8B929194424D500FFAC89 /* 2.swift */ = {isa = PBXFileReference; fileEncoding = 4; lastKnownFileType = sourcecode.swift; path = 2.swift; sourceTree = "<group>"; };
		0AF8B92B19442E5F00FFAC89 /* 3.swift */ = {isa = PBXFileReference; fileEncoding = 4; lastKnownFileType = sourcecode.swift; path = 3.swift; sourceTree = "<group>"; };
/* End PBXFileReference section */

/* Begin PBXFrameworksBuildPhase section */
		0AF8B91A19441FBD00FFAC89 /* Frameworks */ = {
			isa = PBXFrameworksBuildPhase;
			buildActionMask = 2147483647;
			files = (
			);
			runOnlyForDeploymentPostprocessing = 0;
		};
/* End PBXFrameworksBuildPhase section */

/* Begin PBXGroup section */
		0AF8B91419441FBD00FFAC89 = {
			isa = PBXGroup;
			children = (
				0AF8B91F19441FBD00FFAC89 /* ProjectEuler */,
				0AF8B91E19441FBD00FFAC89 /* Products */,
			);
			sourceTree = "<group>";
		};
		0AF8B91E19441FBD00FFAC89 /* Products */ = {
			isa = PBXGroup;
			children = (
				0AF8B91D19441FBD00FFAC89 /* ProjectEuler */,
			);
			name = Products;
			sourceTree = "<group>";
		};
		0AF8B91F19441FBD00FFAC89 /* ProjectEuler */ = {
			isa = PBXGroup;
			children = (
				0AF8B92019441FBD00FFAC89 /* main.swift */,
				0AF8B92719441FD400FFAC89 /* 1.swift */,
				0AF8B929194424D500FFAC89 /* 2.swift */,
				0AF8B92B19442E5F00FFAC89 /* 3.swift */,
				0A69534A1944399E006C9B94 /* 4.swift */,
				0A80EA4E194462990034FAA7 /* 5.swift */,
				0A80EA50194465550034FAA7 /* 6.swift */,
				0A3D72021944671C0035A99A /* 7.swift */,
				0AEB204D1944724200237031 /* 8.swift */,
				0ADAF2B01A0EB2D500B06718 /* 9.swift */,
				0A884C241A0EC0FB00E37579 /* 10.swift */,
				0A884C261A0EC95B00E37579 /* 11.swift */,
				0A8B23221A0EDB3600A73D0A /* 12.swift */,
				0A8B23241A0EE56000A73D0A /* 13.swift */,
				0A8B23261A0EE9CC00A73D0A /* 14.swift */,
				0A8B232A1A0F129500A73D0A /* PrimeSieve.swift */,
				0A8B23281A0EF65C00A73D0A /* 15.swift */,
				0AC3E9E41A0F1F0B006B8E48 /* BigDecimal.swift */,
				0AC3E9E21A0F1716006B8E48 /* 16.swift */,
				0AC3E9E61A0F1FCA006B8E48 /* 17.swift */,
				0AC3E9E81A0F2A1F006B8E48 /* 18.swift */,
				0A479E021A0F300D007029A4 /* 19.swift */,
				0A479E041A0F33A1007029A4 /* 20.swift */,
				0A479E061A0F346A007029A4 /* 21.swift */,
				0A479E081A0F368D007029A4 /* names.txt */,
				0A479E091A0F36A8007029A4 /* 22.swift */,
				0AD376721A0FE08200E5ECC0 /* 23.swift */,
				0AD376741A0FEBF200E5ECC0 /* 24.swift */,
				0AC7D5121A104A2400A36D19 /* 25.swift */,
			);
			path = ProjectEuler;
			sourceTree = "<group>";
		};
/* End PBXGroup section */

/* Begin PBXNativeTarget section */
		0AF8B91C19441FBD00FFAC89 /* ProjectEuler */ = {
			isa = PBXNativeTarget;
			buildConfigurationList = 0AF8B92419441FBD00FFAC89 /* Build configuration list for PBXNativeTarget "ProjectEuler" */;
			buildPhases = (
				0AF8B91919441FBD00FFAC89 /* Sources */,
				0AF8B91A19441FBD00FFAC89 /* Frameworks */,
				0AF8B91B19441FBD00FFAC89 /* CopyFiles */,
			);
			buildRules = (
			);
			dependencies = (
			);
			name = ProjectEuler;
			productName = ProjectEuler;
			productReference = 0AF8B91D19441FBD00FFAC89 /* ProjectEuler */;
			productType = "com.apple.product-type.tool";
		};
/* End PBXNativeTarget section */

/* Begin PBXProject section */
		0AF8B91519441FBD00FFAC89 /* Project object */ = {
			isa = PBXProject;
			attributes = {
				LastUpgradeCheck = 0600;
				ORGANIZATIONNAME = "Kevin Conner";
				TargetAttributes = {
					0AF8B91C19441FBD00FFAC89 = {
						CreatedOnToolsVersion = 6.0;
					};
				};
			};
			buildConfigurationList = 0AF8B91819441FBD00FFAC89 /* Build configuration list for PBXProject "ProjectEuler" */;
			compatibilityVersion = "Xcode 3.2";
			developmentRegion = English;
			hasScannedForEncodings = 0;
			knownRegions = (
				en,
			);
			mainGroup = 0AF8B91419441FBD00FFAC89;
			productRefGroup = 0AF8B91E19441FBD00FFAC89 /* Products */;
			projectDirPath = "";
			projectRoot = "";
			targets = (
				0AF8B91C19441FBD00FFAC89 /* ProjectEuler */,
			);
		};
/* End PBXProject section */

/* Begin PBXSourcesBuildPhase section */
		0AF8B91919441FBD00FFAC89 /* Sources */ = {
			isa = PBXSourcesBuildPhase;
			buildActionMask = 2147483647;
			files = (
				0AD376731A0FE08200E5ECC0 /* 23.swift in Sources */,
				0A884C251A0EC0FB00E37579 /* 10.swift in Sources */,
				0AF8B92A194424D500FFAC89 /* 2.swift in Sources */,
				0AC3E9E31A0F1716006B8E48 /* 16.swift in Sources */,
				0AC3E9E71A0F1FCA006B8E48 /* 17.swift in Sources */,
				0A3D72031944671C0035A99A /* 7.swift in Sources */,
				0A8B23251A0EE56000A73D0A /* 13.swift in Sources */,
				0A80EA51194465550034FAA7 /* 6.swift in Sources */,
				0A479E031A0F300D007029A4 /* 19.swift in Sources */,
				0ADAF2B11A0EB2D500B06718 /* 9.swift in Sources */,
				0AC7D5131A104A2400A36D19 /* 25.swift in Sources */,
				0A884C271A0EC95B00E37579 /* 11.swift in Sources */,
				0AF8B92C19442E5F00FFAC89 /* 3.swift in Sources */,
				0A479E051A0F33A1007029A4 /* 20.swift in Sources */,
				0A8B23271A0EE9CC00A73D0A /* 14.swift in Sources */,
				0A8B23291A0EF65C00A73D0A /* 15.swift in Sources */,
				0A479E071A0F346A007029A4 /* 21.swift in Sources */,
				0AC3E9E51A0F1F0B006B8E48 /* BigDecimal.swift in Sources */,
				0AF8B92119441FBD00FFAC89 /* main.swift in Sources */,
				0A80EA4F194462990034FAA7 /* 5.swift in Sources */,
				0AEB204E1944724200237031 /* 8.swift in Sources */,
				0AD376751A0FEBF200E5ECC0 /* 24.swift in Sources */,
				0A69534B1944399E006C9B94 /* 4.swift in Sources */,
				0AF8B92819441FD400FFAC89 /* 1.swift in Sources */,
				0A8B23231A0EDB3600A73D0A /* 12.swift in Sources */,
				0A8B232B1A0F129500A73D0A /* PrimeSieve.swift in Sources */,
				0A479E0A1A0F36A8007029A4 /* 22.swift in Sources */,
				0AC3E9E91A0F2A1F006B8E48 /* 18.swift in Sources */,
			);
			runOnlyForDeploymentPostprocessing = 0;
		};
/* End PBXSourcesBuildPhase section */

/* Begin XCBuildConfiguration section */
		0AF8B92219441FBD00FFAC89 /* Debug */ = {
			isa = XCBuildConfiguration;
			buildSettings = {
				ALWAYS_SEARCH_USER_PATHS = NO;
				CLANG_CXX_LANGUAGE_STANDARD = "gnu++0x";
				CLANG_CXX_LIBRARY = "libc++";
				CLANG_ENABLE_MODULES = YES;
				CLANG_ENABLE_OBJC_ARC = YES;
				CLANG_WARN_BOOL_CONVERSION = YES;
				CLANG_WARN_CONSTANT_CONVERSION = YES;
				CLANG_WARN_DIRECT_OBJC_ISA_USAGE = YES_ERROR;
				CLANG_WARN_EMPTY_BODY = YES;
				CLANG_WARN_ENUM_CONVERSION = YES;
				CLANG_WARN_INT_CONVERSION = YES;
				CLANG_WARN_OBJC_ROOT_CLASS = YES_ERROR;
				CLANG_WARN_UNREACHABLE_CODE = YES;
				CLANG_WARN__DUPLICATE_METHOD_MATCH = YES;
				COPY_PHASE_STRIP = NO;
				ENABLE_STRICT_OBJC_MSGSEND = YES;
				GCC_C_LANGUAGE_STANDARD = gnu99;
				GCC_DYNAMIC_NO_PIC = NO;
				GCC_OPTIMIZATION_LEVEL = 0;
				GCC_PREPROCESSOR_DEFINITIONS = (
					"DEBUG=1",
					"$(inherited)",
				);
				GCC_SYMBOLS_PRIVATE_EXTERN = NO;
				GCC_WARN_64_TO_32_BIT_CONVERSION = YES;
				GCC_WARN_ABOUT_RETURN_TYPE = YES_ERROR;
				GCC_WARN_UNDECLARED_SELECTOR = YES;
				GCC_WARN_UNINITIALIZED_AUTOS = YES_AGGRESSIVE;
				GCC_WARN_UNUSED_FUNCTION = YES;
				GCC_WARN_UNUSED_VARIABLE = YES;
				MACOSX_DEPLOYMENT_TARGET = 10.9;
				METAL_ENABLE_DEBUG_INFO = YES;
				ONLY_ACTIVE_ARCH = YES;
				SDKROOT = macosx;
				SWIFT_OPTIMIZATION_LEVEL = "-Onone";
			};
			name = Debug;
		};
		0AF8B92319441FBD00FFAC89 /* Release */ = {
			isa = XCBuildConfiguration;
			buildSettings = {
				ALWAYS_SEARCH_USER_PATHS = NO;
				CLANG_CXX_LANGUAGE_STANDARD = "gnu++0x";
				CLANG_CXX_LIBRARY = "libc++";
				CLANG_ENABLE_MODULES = YES;
				CLANG_ENABLE_OBJC_ARC = YES;
				CLANG_WARN_BOOL_CONVERSION = YES;
				CLANG_WARN_CONSTANT_CONVERSION = YES;
				CLANG_WARN_DIRECT_OBJC_ISA_USAGE = YES_ERROR;
				CLANG_WARN_EMPTY_BODY = YES;
				CLANG_WARN_ENUM_CONVERSION = YES;
				CLANG_WARN_INT_CONVERSION = YES;
				CLANG_WARN_OBJC_ROOT_CLASS = YES_ERROR;
				CLANG_WARN_UNREACHABLE_CODE = YES;
				CLANG_WARN__DUPLICATE_METHOD_MATCH = YES;
				COPY_PHASE_STRIP = YES;
				DEBUG_INFORMATION_FORMAT = "dwarf-with-dsym";
				ENABLE_NS_ASSERTIONS = NO;
				ENABLE_STRICT_OBJC_MSGSEND = YES;
				GCC_C_LANGUAGE_STANDARD = gnu99;
				GCC_WARN_64_TO_32_BIT_CONVERSION = YES;
				GCC_WARN_ABOUT_RETURN_TYPE = YES_ERROR;
				GCC_WARN_UNDECLARED_SELECTOR = YES;
				GCC_WARN_UNINITIALIZED_AUTOS = YES_AGGRESSIVE;
				GCC_WARN_UNUSED_FUNCTION = YES;
				GCC_WARN_UNUSED_VARIABLE = YES;
				MACOSX_DEPLOYMENT_TARGET = 10.9;
				METAL_ENABLE_DEBUG_INFO = NO;
				SDKROOT = macosx;
			};
			name = Release;
		};
		0AF8B92519441FBD00FFAC89 /* Debug */ = {
			isa = XCBuildConfiguration;
			buildSettings = {
				PRODUCT_NAME = "$(TARGET_NAME)";
			};
			name = Debug;
		};
		0AF8B92619441FBD00FFAC89 /* Release */ = {
			isa = XCBuildConfiguration;
			buildSettings = {
				PRODUCT_NAME = "$(TARGET_NAME)";
			};
			name = Release;
		};
/* End XCBuildConfiguration section */

/* Begin XCConfigurationList section */
		0AF8B91819441FBD00FFAC89 /* Build configuration list for PBXProject "ProjectEuler" */ = {
			isa = XCConfigurationList;
			buildConfigurations = (
				0AF8B92219441FBD00FFAC89 /* Debug */,
				0AF8B92319441FBD00FFAC89 /* Release */,
			);
			defaultConfigurationIsVisible = 0;
			defaultConfigurationName = Release;
		};
		0AF8B92419441FBD00FFAC89 /* Build configuration list for PBXNativeTarget "ProjectEuler" */ = {
			isa = XCConfigurationList;
			buildConfigurations = (
				0AF8B92519441FBD00FFAC89 /* Debug */,
				0AF8B92619441FBD00FFAC89 /* Release */,
			);
			defaultConfigurationIsVisible = 0;
			defaultConfigurationName = Release;
		};
/* End XCConfigurationList section */
	};
	rootObject = 0AF8B91519441FBD00FFAC89 /* Project object */;
}
